
Microsoft Visual Studio Solution File, Format Version 12.00
# Visual Studio Version 17
VisualStudioVersion = 17.11.35222.181
MinimumVisualStudioVersion = 10.0.40219.1
Project("{2150E333-8FDC-42A3-9474-1A3956D46DE8}") = "Docs", "Docs", "{4C63D2CA-82F3-44BE-8AAF-5EDE7C828A1C}"
	ProjectSection(SolutionItems) = preProject
		Docs\Api.Auth.md = Docs\Api.Auth.md
		..\..\..\..\Downloads\BuberDinner-Part18-UnitTestStructure\BuberDinner\Docs\Api\Api.Dinner.md = ..\..\..\..\Downloads\BuberDinner-Part18-UnitTestStructure\BuberDinner\Docs\Api\Api.Dinner.md
		Docs\Api.Menu.md = Docs\Api.Menu.md
	EndProjectSection
EndProject
Project("{2150E333-8FDC-42A3-9474-1A3956D46DE8}") = "DomainModels", "DomainModels", "{7731818B-A502-44C2-B8FE-A3909DC1E8AF}"
	ProjectSection(SolutionItems) = preProject
		..\..\..\..\Downloads\BuberDinner-Part18-UnitTestStructure\BuberDinner\Docs\DomainModels\Aggregates.Bill.md = ..\..\..\..\Downloads\BuberDinner-Part18-UnitTestStructure\BuberDinner\Docs\DomainModels\Aggregates.Bill.md
		..\..\..\..\Downloads\BuberDinner-Part18-UnitTestStructure\BuberDinner\Docs\DomainModels\Aggregates.Dinner.md = ..\..\..\..\Downloads\BuberDinner-Part18-UnitTestStructure\BuberDinner\Docs\DomainModels\Aggregates.Dinner.md
		..\..\..\..\Downloads\BuberDinner-Part18-UnitTestStructure\BuberDinner\Docs\DomainModels\Aggregates.Guest.md = ..\..\..\..\Downloads\BuberDinner-Part18-UnitTestStructure\BuberDinner\Docs\DomainModels\Aggregates.Guest.md
		..\..\..\..\Downloads\BuberDinner-Part18-UnitTestStructure\BuberDinner\Docs\DomainModels\Aggregates.Host.md = ..\..\..\..\Downloads\BuberDinner-Part18-UnitTestStructure\BuberDinner\Docs\DomainModels\Aggregates.Host.md
		..\..\..\..\Downloads\BuberDinner-Part18-UnitTestStructure\BuberDinner\Docs\DomainModels\Aggregates.Menu.md = ..\..\..\..\Downloads\BuberDinner-Part18-UnitTestStructure\BuberDinner\Docs\DomainModels\Aggregates.Menu.md
		..\..\..\..\Downloads\BuberDinner-Part18-UnitTestStructure\BuberDinner\Docs\DomainModels\Aggregates.MenuReview.md = ..\..\..\..\Downloads\BuberDinner-Part18-UnitTestStructure\BuberDinner\Docs\DomainModels\Aggregates.MenuReview.md
		..\..\..\..\Downloads\BuberDinner-Part18-UnitTestStructure\BuberDinner\Docs\DomainModels\Aggregates.User.md = ..\..\..\..\Downloads\BuberDinner-Part18-UnitTestStructure\BuberDinner\Docs\DomainModels\Aggregates.User.md
	EndProjectSection
EndProject
Project("{2150E333-8FDC-42A3-9474-1A3956D46DE8}") = "Config", "Config", "{C458F725-F225-42E5-B056-9A32B0DB9895}"
	ProjectSection(SolutionItems) = preProject
		.editorconfig = .editorconfig
		Directory.build.Props = Directory.build.Props
	EndProjectSection
EndProject
Project("{2150E333-8FDC-42A3-9474-1A3956D46DE8}") = "src", "src", "{2B98E242-208A-4E21-912E-6F0A19650B66}"
EndProject
Project("{9A19103F-16F7-4668-BE54-9A1E7A4F7556}") = "BuberDiner.Api", "src\BuberDiner.Api\BuberDiner.Api.csproj", "{8EC229E0-B911-418D-908C-472D7DE56B0B}"
EndProject
Project("{9A19103F-16F7-4668-BE54-9A1E7A4F7556}") = "BuberDinner.Application", "src\BuberDinner.Application\BuberDinner.Application.csproj", "{BCCB4BD1-27AD-48EA-80D5-098172007627}"
EndProject
Project("{9A19103F-16F7-4668-BE54-9A1E7A4F7556}") = "BuberDinner.Contracts", "src\BuberDinner.Contracts\BuberDinner.Contracts.csproj", "{97C85011-C8A0-4957-9D9C-D97A2E395D53}"
EndProject
Project("{9A19103F-16F7-4668-BE54-9A1E7A4F7556}") = "BuberDinner.Domain", "src\BuberDinner.Domain\BuberDinner.Domain.csproj", "{9913B6A6-3F23-441A-AB92-64663B7D04FC}"
EndProject
Project("{9A19103F-16F7-4668-BE54-9A1E7A4F7556}") = "BuberDinner.Infrastructure", "src\BuberDinner.Infrastructure\BuberDinner.Infrastructure.csproj", "{C894DE62-3926-4039-855B-D76B9D391294}"
EndProject
Project("{2150E333-8FDC-42A3-9474-1A3956D46DE8}") = "requests", "requests", "{69678E9F-BDA8-4F22-A001-4974E97AE8DC}"
EndProject
Project("{2150E333-8FDC-42A3-9474-1A3956D46DE8}") = "dinners", "dinners", "{7164D99B-5AEE-4E9F-ACE0-A950998FB5A8}"
	ProjectSection(SolutionItems) = preProject
		..\..\..\..\Downloads\BuberDinner-Part18-UnitTestStructure\BuberDinner\Requests\Dinners\CreateDinner.http = ..\..\..\..\Downloads\BuberDinner-Part18-UnitTestStructure\BuberDinner\Requests\Dinners\CreateDinner.http
		Requests\Dinners\ListDinners.http = Requests\Dinners\ListDinners.http
	EndProjectSection
EndProject
Project("{2150E333-8FDC-42A3-9474-1A3956D46DE8}") = "menus", "menus", "{0C3FC7F1-88C4-480A-B82A-E2A6B190F7BD}"
	ProjectSection(SolutionItems) = preProject
		Requests\Menus\CreateMenu.http = Requests\Menus\CreateMenu.http
		..\..\..\..\Downloads\BuberDinner-Part18-UnitTestStructure\BuberDinner\Requests\Menus\ListMenus.http = ..\..\..\..\Downloads\BuberDinner-Part18-UnitTestStructure\BuberDinner\Requests\Menus\ListMenus.http
	EndProjectSection
EndProject
Project("{2150E333-8FDC-42A3-9474-1A3956D46DE8}") = "authentication", "authentication", "{5AE481CA-4621-44AF-8BD4-C6D26C086612}"
	ProjectSection(SolutionItems) = preProject
		Requests\Authentication\login.http = Requests\Authentication\login.http
		Requests\Authentication\register.http = Requests\Authentication\register.http
	EndProjectSection
EndProject
Global
	GlobalSection(SolutionConfigurationPlatforms) = preSolution
		Debug|Any CPU = Debug|Any CPU
		Release|Any CPU = Release|Any CPU
	EndGlobalSection
	GlobalSection(ProjectConfigurationPlatforms) = postSolution
		{8EC229E0-B911-418D-908C-472D7DE56B0B}.Debug|Any CPU.ActiveCfg = Debug|Any CPU
		{8EC229E0-B911-418D-908C-472D7DE56B0B}.Debug|Any CPU.Build.0 = Debug|Any CPU
		{8EC229E0-B911-418D-908C-472D7DE56B0B}.Release|Any CPU.ActiveCfg = Release|Any CPU
		{8EC229E0-B911-418D-908C-472D7DE56B0B}.Release|Any CPU.Build.0 = Release|Any CPU
		{BCCB4BD1-27AD-48EA-80D5-098172007627}.Debug|Any CPU.ActiveCfg = Debug|Any CPU
		{BCCB4BD1-27AD-48EA-80D5-098172007627}.Debug|Any CPU.Build.0 = Debug|Any CPU
		{BCCB4BD1-27AD-48EA-80D5-098172007627}.Release|Any CPU.ActiveCfg = Release|Any CPU
		{BCCB4BD1-27AD-48EA-80D5-098172007627}.Release|Any CPU.Build.0 = Release|Any CPU
		{97C85011-C8A0-4957-9D9C-D97A2E395D53}.Debug|Any CPU.ActiveCfg = Debug|Any CPU
		{97C85011-C8A0-4957-9D9C-D97A2E395D53}.Debug|Any CPU.Build.0 = Debug|Any CPU
		{97C85011-C8A0-4957-9D9C-D97A2E395D53}.Release|Any CPU.ActiveCfg = Release|Any CPU
		{97C85011-C8A0-4957-9D9C-D97A2E395D53}.Release|Any CPU.Build.0 = Release|Any CPU
		{9913B6A6-3F23-441A-AB92-64663B7D04FC}.Debug|Any CPU.ActiveCfg = Debug|Any CPU
		{9913B6A6-3F23-441A-AB92-64663B7D04FC}.Debug|Any CPU.Build.0 = Debug|Any CPU
		{9913B6A6-3F23-441A-AB92-64663B7D04FC}.Release|Any CPU.ActiveCfg = Release|Any CPU
		{9913B6A6-3F23-441A-AB92-64663B7D04FC}.Release|Any CPU.Build.0 = Release|Any CPU
		{C894DE62-3926-4039-855B-D76B9D391294}.Debug|Any CPU.ActiveCfg = Debug|Any CPU
		{C894DE62-3926-4039-855B-D76B9D391294}.Debug|Any CPU.Build.0 = Debug|Any CPU
		{C894DE62-3926-4039-855B-D76B9D391294}.Release|Any CPU.ActiveCfg = Release|Any CPU
		{C894DE62-3926-4039-855B-D76B9D391294}.Release|Any CPU.Build.0 = Release|Any CPU
	EndGlobalSection
	GlobalSection(SolutionProperties) = preSolution
		HideSolutionNode = FALSE
	EndGlobalSection
	GlobalSection(NestedProjects) = preSolution
		{7731818B-A502-44C2-B8FE-A3909DC1E8AF} = {4C63D2CA-82F3-44BE-8AAF-5EDE7C828A1C}
		{8EC229E0-B911-418D-908C-472D7DE56B0B} = {2B98E242-208A-4E21-912E-6F0A19650B66}
		{BCCB4BD1-27AD-48EA-80D5-098172007627} = {2B98E242-208A-4E21-912E-6F0A19650B66}
		{97C85011-C8A0-4957-9D9C-D97A2E395D53} = {2B98E242-208A-4E21-912E-6F0A19650B66}
		{9913B6A6-3F23-441A-AB92-64663B7D04FC} = {2B98E242-208A-4E21-912E-6F0A19650B66}
		{C894DE62-3926-4039-855B-D76B9D391294} = {2B98E242-208A-4E21-912E-6F0A19650B66}
		{7164D99B-5AEE-4E9F-ACE0-A950998FB5A8} = {69678E9F-BDA8-4F22-A001-4974E97AE8DC}
		{0C3FC7F1-88C4-480A-B82A-E2A6B190F7BD} = {69678E9F-BDA8-4F22-A001-4974E97AE8DC}
		{5AE481CA-4621-44AF-8BD4-C6D26C086612} = {69678E9F-BDA8-4F22-A001-4974E97AE8DC}
	EndGlobalSection
	GlobalSection(ExtensibilityGlobals) = postSolution
		SolutionGuid = {E95A3B97-4781-4544-B8BA-4B6EC1067F13}
	EndGlobalSection
EndGlobal
