
Microsoft Visual Studio Solution File, Format Version 12.00
# Visual Studio Version 17
VisualStudioVersion = 17.11.35222.181
MinimumVisualStudioVersion = 10.0.40219.1
Project("{2150E333-8FDC-42A3-9474-1A3956D46DE8}") = "Config", "Config", "{C458F725-F225-42E5-B056-9A32B0DB9895}"
	ProjectSection(SolutionItems) = preProject
		.editorconfig = .editorconfig
		Directory.build.Props = Directory.build.Props
	EndProjectSection
EndProject
Project("{2150E333-8FDC-42A3-9474-1A3956D46DE8}") = "src", "src", "{2B98E242-208A-4E21-912E-6F0A19650B66}"
EndProject
Project("{9A19103F-16F7-4668-BE54-9A1E7A4F7556}") = "BuberDiner.Api", "src\BuberDiner.Api\BuberDiner.Api.csproj", "{8EC229E0-B911-418D-908C-472D7DE56B0B}"
EndProject
Project("{9A19103F-16F7-4668-BE54-9A1E7A4F7556}") = "BuberDinner.Application", "src\BuberDinner.Application\BuberDinner.Application.csproj", "{BCCB4BD1-27AD-48EA-80D5-098172007627}"
EndProject
Project("{9A19103F-16F7-4668-BE54-9A1E7A4F7556}") = "BuberDinner.Contracts", "src\BuberDinner.Contracts\BuberDinner.Contracts.csproj", "{97C85011-C8A0-4957-9D9C-D97A2E395D53}"
EndProject
Project("{9A19103F-16F7-4668-BE54-9A1E7A4F7556}") = "BuberDinner.Domain", "src\BuberDinner.Domain\BuberDinner.Domain.csproj", "{9913B6A6-3F23-441A-AB92-64663B7D04FC}"
EndProject
Project("{9A19103F-16F7-4668-BE54-9A1E7A4F7556}") = "BuberDinner.Infrastructure", "src\BuberDinner.Infrastructure\BuberDinner.Infrastructure.csproj", "{C894DE62-3926-4039-855B-D76B9D391294}"
EndProject
Project("{2150E333-8FDC-42A3-9474-1A3956D46DE8}") = "requests", "requests", "{69678E9F-BDA8-4F22-A001-4974E97AE8DC}"
EndProject
Project("{2150E333-8FDC-42A3-9474-1A3956D46DE8}") = "dinners", "dinners", "{7164D99B-5AEE-4E9F-ACE0-A950998FB5A8}"
	ProjectSection(SolutionItems) = preProject
		..\..\..\..\Downloads\BuberDinner-Part18-UnitTestStructure\BuberDinner\Requests\Dinners\CreateDinner.http = ..\..\..\..\Downloads\BuberDinner-Part18-UnitTestStructure\BuberDinner\Requests\Dinners\CreateDinner.http
		Requests\Dinners\ListDinners.http = Requests\Dinners\ListDinners.http
	EndProjectSection
EndProject
Project("{2150E333-8FDC-42A3-9474-1A3956D46DE8}") = "menus", "menus", "{0C3FC7F1-88C4-480A-B82A-E2A6B190F7BD}"
	ProjectSection(SolutionItems) = preProject
		Requests\Menus\CreateMenu.http = Requests\Menus\CreateMenu.http
		..\..\..\..\Downloads\BuberDinner-Part18-UnitTestStructure\BuberDinner\Requests\Menus\ListMenus.http = ..\..\..\..\Downloads\BuberDinner-Part18-UnitTestStructure\BuberDinner\Requests\Menus\ListMenus.http
	EndProjectSection
EndProject
Project("{2150E333-8FDC-42A3-9474-1A3956D46DE8}") = "authentication", "authentication", "{5AE481CA-4621-44AF-8BD4-C6D26C086612}"
	ProjectSection(SolutionItems) = preProject
		Requests\Authentication\login.http = Requests\Authentication\login.http
		Requests\Authentication\register.http = Requests\Authentication\register.http
	EndProjectSection
EndProject
Project("{2150E333-8FDC-42A3-9474-1A3956D46DE8}") = "tests", "tests", "{60C2C670-704C-4F04-BBD6-8E591DAD583D}"
EndProject
Project("{2150E333-8FDC-42A3-9474-1A3956D46DE8}") = "UnitTests", "UnitTests", "{91804887-F478-43E0-BEAD-14A520F835AD}"
EndProject
Project("{9A19103F-16F7-4668-BE54-9A1E7A4F7556}") = "BuberDinner.Api.UnitTests", "tests\UnitTests\BuberDinner.Api.UnitTests\BuberDinner.Api.UnitTests.csproj", "{E3C80D9F-280C-421E-B0F4-3A7227B10A9D}"
EndProject
Project("{9A19103F-16F7-4668-BE54-9A1E7A4F7556}") = "BuberDinner.Application.UnitTests", "tests\UnitTests\BurberDinner.Application.UnitTests\BuberDinner.Application.UnitTests.csproj", "{338DBECC-869F-480B-94E0-229860E21883}"
EndProject
Project("{9A19103F-16F7-4668-BE54-9A1E7A4F7556}") = "BuberDinner.Domain.UnitTests", "tests\UnitTests\BurberDinner.Domain.UnitTests\BuberDinner.Domain.UnitTests.csproj", "{7D9C8256-073B-420F-A5CC-D6E6FF1407EA}"
EndProject
Project("{9A19103F-16F7-4668-BE54-9A1E7A4F7556}") = "BuberDinner.Infrastructure.UnitTests", "tests\UnitTests\BurberDinner.Infrastructure.UnitTests\BuberDinner.Infrastructure.UnitTests.csproj", "{E0BAEC05-269F-4C76-8567-BF7A9222B0CB}"
EndProject
Global
	GlobalSection(SolutionConfigurationPlatforms) = preSolution
		Debug|Any CPU = Debug|Any CPU
		Release|Any CPU = Release|Any CPU
	EndGlobalSection
	GlobalSection(ProjectConfigurationPlatforms) = postSolution
		{8EC229E0-B911-418D-908C-472D7DE56B0B}.Debug|Any CPU.ActiveCfg = Debug|Any CPU
		{8EC229E0-B911-418D-908C-472D7DE56B0B}.Debug|Any CPU.Build.0 = Debug|Any CPU
		{8EC229E0-B911-418D-908C-472D7DE56B0B}.Release|Any CPU.ActiveCfg = Release|Any CPU
		{8EC229E0-B911-418D-908C-472D7DE56B0B}.Release|Any CPU.Build.0 = Release|Any CPU
		{BCCB4BD1-27AD-48EA-80D5-098172007627}.Debug|Any CPU.ActiveCfg = Debug|Any CPU
		{BCCB4BD1-27AD-48EA-80D5-098172007627}.Debug|Any CPU.Build.0 = Debug|Any CPU
		{BCCB4BD1-27AD-48EA-80D5-098172007627}.Release|Any CPU.ActiveCfg = Release|Any CPU
		{BCCB4BD1-27AD-48EA-80D5-098172007627}.Release|Any CPU.Build.0 = Release|Any CPU
		{97C85011-C8A0-4957-9D9C-D97A2E395D53}.Debug|Any CPU.ActiveCfg = Debug|Any CPU
		{97C85011-C8A0-4957-9D9C-D97A2E395D53}.Debug|Any CPU.Build.0 = Debug|Any CPU
		{97C85011-C8A0-4957-9D9C-D97A2E395D53}.Release|Any CPU.ActiveCfg = Release|Any CPU
		{97C85011-C8A0-4957-9D9C-D97A2E395D53}.Release|Any CPU.Build.0 = Release|Any CPU
		{9913B6A6-3F23-441A-AB92-64663B7D04FC}.Debug|Any CPU.ActiveCfg = Debug|Any CPU
		{9913B6A6-3F23-441A-AB92-64663B7D04FC}.Debug|Any CPU.Build.0 = Debug|Any CPU
		{9913B6A6-3F23-441A-AB92-64663B7D04FC}.Release|Any CPU.ActiveCfg = Release|Any CPU
		{9913B6A6-3F23-441A-AB92-64663B7D04FC}.Release|Any CPU.Build.0 = Release|Any CPU
		{C894DE62-3926-4039-855B-D76B9D391294}.Debug|Any CPU.ActiveCfg = Debug|Any CPU
		{C894DE62-3926-4039-855B-D76B9D391294}.Debug|Any CPU.Build.0 = Debug|Any CPU
		{C894DE62-3926-4039-855B-D76B9D391294}.Release|Any CPU.ActiveCfg = Release|Any CPU
		{C894DE62-3926-4039-855B-D76B9D391294}.Release|Any CPU.Build.0 = Release|Any CPU
		{E3C80D9F-280C-421E-B0F4-3A7227B10A9D}.Debug|Any CPU.ActiveCfg = Debug|Any CPU
		{E3C80D9F-280C-421E-B0F4-3A7227B10A9D}.Debug|Any CPU.Build.0 = Debug|Any CPU
		{E3C80D9F-280C-421E-B0F4-3A7227B10A9D}.Release|Any CPU.ActiveCfg = Release|Any CPU
		{E3C80D9F-280C-421E-B0F4-3A7227B10A9D}.Release|Any CPU.Build.0 = Release|Any CPU
		{338DBECC-869F-480B-94E0-229860E21883}.Debug|Any CPU.ActiveCfg = Debug|Any CPU
		{338DBECC-869F-480B-94E0-229860E21883}.Debug|Any CPU.Build.0 = Debug|Any CPU
		{338DBECC-869F-480B-94E0-229860E21883}.Release|Any CPU.ActiveCfg = Release|Any CPU
		{338DBECC-869F-480B-94E0-229860E21883}.Release|Any CPU.Build.0 = Release|Any CPU
		{7D9C8256-073B-420F-A5CC-D6E6FF1407EA}.Debug|Any CPU.ActiveCfg = Debug|Any CPU
		{7D9C8256-073B-420F-A5CC-D6E6FF1407EA}.Debug|Any CPU.Build.0 = Debug|Any CPU
		{7D9C8256-073B-420F-A5CC-D6E6FF1407EA}.Release|Any CPU.ActiveCfg = Release|Any CPU
		{7D9C8256-073B-420F-A5CC-D6E6FF1407EA}.Release|Any CPU.Build.0 = Release|Any CPU
		{E0BAEC05-269F-4C76-8567-BF7A9222B0CB}.Debug|Any CPU.ActiveCfg = Debug|Any CPU
		{E0BAEC05-269F-4C76-8567-BF7A9222B0CB}.Debug|Any CPU.Build.0 = Debug|Any CPU
		{E0BAEC05-269F-4C76-8567-BF7A9222B0CB}.Release|Any CPU.ActiveCfg = Release|Any CPU
		{E0BAEC05-269F-4C76-8567-BF7A9222B0CB}.Release|Any CPU.Build.0 = Release|Any CPU
	EndGlobalSection
	GlobalSection(SolutionProperties) = preSolution
		HideSolutionNode = FALSE
	EndGlobalSection
	GlobalSection(NestedProjects) = preSolution
		{8EC229E0-B911-418D-908C-472D7DE56B0B} = {2B98E242-208A-4E21-912E-6F0A19650B66}
		{BCCB4BD1-27AD-48EA-80D5-098172007627} = {2B98E242-208A-4E21-912E-6F0A19650B66}
		{97C85011-C8A0-4957-9D9C-D97A2E395D53} = {2B98E242-208A-4E21-912E-6F0A19650B66}
		{9913B6A6-3F23-441A-AB92-64663B7D04FC} = {2B98E242-208A-4E21-912E-6F0A19650B66}
		{C894DE62-3926-4039-855B-D76B9D391294} = {2B98E242-208A-4E21-912E-6F0A19650B66}
		{7164D99B-5AEE-4E9F-ACE0-A950998FB5A8} = {69678E9F-BDA8-4F22-A001-4974E97AE8DC}
		{0C3FC7F1-88C4-480A-B82A-E2A6B190F7BD} = {69678E9F-BDA8-4F22-A001-4974E97AE8DC}
		{5AE481CA-4621-44AF-8BD4-C6D26C086612} = {69678E9F-BDA8-4F22-A001-4974E97AE8DC}
		{91804887-F478-43E0-BEAD-14A520F835AD} = {60C2C670-704C-4F04-BBD6-8E591DAD583D}
		{E3C80D9F-280C-421E-B0F4-3A7227B10A9D} = {91804887-F478-43E0-BEAD-14A520F835AD}
		{338DBECC-869F-480B-94E0-229860E21883} = {91804887-F478-43E0-BEAD-14A520F835AD}
		{7D9C8256-073B-420F-A5CC-D6E6FF1407EA} = {91804887-F478-43E0-BEAD-14A520F835AD}
		{E0BAEC05-269F-4C76-8567-BF7A9222B0CB} = {91804887-F478-43E0-BEAD-14A520F835AD}
	EndGlobalSection
	GlobalSection(ExtensibilityGlobals) = postSolution
		SolutionGuid = {E95A3B97-4781-4544-B8BA-4B6EC1067F13}
	EndGlobalSection
EndGlobal
